// !$*UTF8*$!
{
	archiveVersion = 1;
	classes = {
	};
	objectVersion = 56;
	objects = {

/* Begin PBXBuildFile section */
		AF4E400D2AADC4810061ED8F /* RollaApp.swift in Sources */ = {isa = PBXBuildFile; fileRef = AF4E400C2AADC4810061ED8F /* RollaApp.swift */; };
		AF4E40112AADC4820061ED8F /* Assets.xcassets in Resources */ = {isa = PBXBuildFile; fileRef = AF4E40102AADC4820061ED8F /* Assets.xcassets */; };
		AF4E40142AADC4820061ED8F /* Preview Assets.xcassets in Resources */ = {isa = PBXBuildFile; fileRef = AF4E40132AADC4820061ED8F /* Preview Assets.xcassets */; };
		AF4E40232AADC91E0061ED8F /* ScanView.swift in Sources */ = {isa = PBXBuildFile; fileRef = AF4E40222AADC91E0061ED8F /* ScanView.swift */; };
		AF4E40282AADC93D0061ED8F /* MainView.swift in Sources */ = {isa = PBXBuildFile; fileRef = AF4E40272AADC93D0061ED8F /* MainView.swift */; };
		AF4E402A2AADC98F0061ED8F /* TrackView.swift in Sources */ = {isa = PBXBuildFile; fileRef = AF4E40292AADC98F0061ED8F /* TrackView.swift */; };
		AF4E402C2AADC99A0061ED8F /* FilterView.swift in Sources */ = {isa = PBXBuildFile; fileRef = AF4E402B2AADC99A0061ED8F /* FilterView.swift */; };
		AF4E402F2AADCA800061ED8F /* PrimaryButton.swift in Sources */ = {isa = PBXBuildFile; fileRef = AF4E402E2AADCA800061ED8F /* PrimaryButton.swift */; };
		AF4E40312AADCB1F0061ED8F /* BluetoothManager.swift in Sources */ = {isa = PBXBuildFile; fileRef = AF4E40302AADCB1F0061ED8F /* BluetoothManager.swift */; };
		AF4E40342AADCDCD0061ED8F /* Spacer.swift in Sources */ = {isa = PBXBuildFile; fileRef = AF4E40332AADCDCD0061ED8F /* Spacer.swift */; };
		AF4E40372AADD2380061ED8F /* GPSTrackerManager.swift in Sources */ = {isa = PBXBuildFile; fileRef = AF4E40362AADD2380061ED8F /* GPSTrackerManager.swift */; };
		AF4E403A2AADD7E70061ED8F /* gps-tracker.json in Resources */ = {isa = PBXBuildFile; fileRef = AF4E40392AADD7E70061ED8F /* gps-tracker.json */; };
		AF4E403E2AADD8000061ED8F /* LottieView.swift in Sources */ = {isa = PBXBuildFile; fileRef = AF4E403D2AADD8000061ED8F /* LottieView.swift */; };
		AF4E40402AADDBA20061ED8F /* bluetooth-lottie.json in Resources */ = {isa = PBXBuildFile; fileRef = AF4E403F2AADDBA20061ED8F /* bluetooth-lottie.json */; };
		AF4E40462AADDE560061ED8F /* Double+Extensions.swift in Sources */ = {isa = PBXBuildFile; fileRef = AF4E40452AADDE560061ED8F /* Double+Extensions.swift */; };
		AF4E40492AADDE840061ED8F /* String+Extensions.swift in Sources */ = {isa = PBXBuildFile; fileRef = AF4E40482AADDE840061ED8F /* String+Extensions.swift */; };
		AFFDDBC95BB98B759B367696 /* Pods_Rolla.framework in Frameworks */ = {isa = PBXBuildFile; fileRef = 9029A6E265F2C185B6214689 /* Pods_Rolla.framework */; };
/* End PBXBuildFile section */

/* Begin PBXFileReference section */
		088DFCB42736DD48884ED698 /* Pods-Rolla.release.xcconfig */ = {isa = PBXFileReference; includeInIndex = 1; lastKnownFileType = text.xcconfig; name = "Pods-Rolla.release.xcconfig"; path = "Target Support Files/Pods-Rolla/Pods-Rolla.release.xcconfig"; sourceTree = "<group>"; };
		241359E39F93EF916CADCE60 /* Pods-Rolla.debug.xcconfig */ = {isa = PBXFileReference; includeInIndex = 1; lastKnownFileType = text.xcconfig; name = "Pods-Rolla.debug.xcconfig"; path = "Target Support Files/Pods-Rolla/Pods-Rolla.debug.xcconfig"; sourceTree = "<group>"; };
		9029A6E265F2C185B6214689 /* Pods_Rolla.framework */ = {isa = PBXFileReference; explicitFileType = wrapper.framework; includeInIndex = 0; path = Pods_Rolla.framework; sourceTree = BUILT_PRODUCTS_DIR; };
		AF4E40092AADC4810061ED8F /* Rolla.app */ = {isa = PBXFileReference; explicitFileType = wrapper.application; includeInIndex = 0; path = Rolla.app; sourceTree = BUILT_PRODUCTS_DIR; };
		AF4E400C2AADC4810061ED8F /* RollaApp.swift */ = {isa = PBXFileReference; lastKnownFileType = sourcecode.swift; path = RollaApp.swift; sourceTree = "<group>"; };
		AF4E40102AADC4820061ED8F /* Assets.xcassets */ = {isa = PBXFileReference; lastKnownFileType = folder.assetcatalog; path = Assets.xcassets; sourceTree = "<group>"; };
		AF4E40132AADC4820061ED8F /* Preview Assets.xcassets */ = {isa = PBXFileReference; lastKnownFileType = folder.assetcatalog; path = "Preview Assets.xcassets"; sourceTree = "<group>"; };
		AF4E40222AADC91E0061ED8F /* ScanView.swift */ = {isa = PBXFileReference; lastKnownFileType = sourcecode.swift; path = ScanView.swift; sourceTree = "<group>"; };
		AF4E40272AADC93D0061ED8F /* MainView.swift */ = {isa = PBXFileReference; lastKnownFileType = sourcecode.swift; path = MainView.swift; sourceTree = "<group>"; };
		AF4E40292AADC98F0061ED8F /* TrackView.swift */ = {isa = PBXFileReference; lastKnownFileType = sourcecode.swift; path = TrackView.swift; sourceTree = "<group>"; };
		AF4E402B2AADC99A0061ED8F /* FilterView.swift */ = {isa = PBXFileReference; lastKnownFileType = sourcecode.swift; path = FilterView.swift; sourceTree = "<group>"; };
		AF4E402E2AADCA800061ED8F /* PrimaryButton.swift */ = {isa = PBXFileReference; lastKnownFileType = sourcecode.swift; path = PrimaryButton.swift; sourceTree = "<group>"; };
		AF4E40302AADCB1F0061ED8F /* BluetoothManager.swift */ = {isa = PBXFileReference; lastKnownFileType = sourcecode.swift; path = BluetoothManager.swift; sourceTree = "<group>"; };
		AF4E40332AADCDCD0061ED8F /* Spacer.swift */ = {isa = PBXFileReference; lastKnownFileType = sourcecode.swift; path = Spacer.swift; sourceTree = "<group>"; };
		AF4E40362AADD2380061ED8F /* GPSTrackerManager.swift */ = {isa = PBXFileReference; lastKnownFileType = sourcecode.swift; path = GPSTrackerManager.swift; sourceTree = "<group>"; };
		AF4E40392AADD7E70061ED8F /* gps-tracker.json */ = {isa = PBXFileReference; fileEncoding = 4; lastKnownFileType = text.json; path = "gps-tracker.json"; sourceTree = "<group>"; };
		AF4E403D2AADD8000061ED8F /* LottieView.swift */ = {isa = PBXFileReference; lastKnownFileType = sourcecode.swift; path = LottieView.swift; sourceTree = "<group>"; };
		AF4E403F2AADDBA20061ED8F /* bluetooth-lottie.json */ = {isa = PBXFileReference; fileEncoding = 4; lastKnownFileType = text.json; path = "bluetooth-lottie.json"; sourceTree = "<group>"; };
		AF4E40452AADDE560061ED8F /* Double+Extensions.swift */ = {isa = PBXFileReference; lastKnownFileType = sourcecode.swift; path = "Double+Extensions.swift"; sourceTree = "<group>"; };
		AF4E40482AADDE840061ED8F /* String+Extensions.swift */ = {isa = PBXFileReference; lastKnownFileType = sourcecode.swift; path = "String+Extensions.swift"; sourceTree = "<group>"; };
/* End PBXFileReference section */

/* Begin PBXFrameworksBuildPhase section */
		AF4E40062AADC4810061ED8F /* Frameworks */ = {
			isa = PBXFrameworksBuildPhase;
			buildActionMask = 2147483647;
			files = (
				AFFDDBC95BB98B759B367696 /* Pods_Rolla.framework in Frameworks */,
			);
			runOnlyForDeploymentPostprocessing = 0;
		};
/* End PBXFrameworksBuildPhase section */

/* Begin PBXGroup section */
		0B0C3496688ADD74D285D661 /* Pods */ = {
			isa = PBXGroup;
			children = (
				241359E39F93EF916CADCE60 /* Pods-Rolla.debug.xcconfig */,
				088DFCB42736DD48884ED698 /* Pods-Rolla.release.xcconfig */,
			);
			path = Pods;
			sourceTree = "<group>";
		};
		AF4E40002AADC4810061ED8F = {
			isa = PBXGroup;
			children = (
				AF4E400B2AADC4810061ED8F /* Rolla */,
				AF4E400A2AADC4810061ED8F /* Products */,
				0B0C3496688ADD74D285D661 /* Pods */,
				CF9C17BB724C5141C6805D9C /* Frameworks */,
			);
			sourceTree = "<group>";
		};
		AF4E400A2AADC4810061ED8F /* Products */ = {
			isa = PBXGroup;
			children = (
				AF4E40092AADC4810061ED8F /* Rolla.app */,
			);
			name = Products;
			sourceTree = "<group>";
		};
		AF4E400B2AADC4810061ED8F /* Rolla */ = {
			isa = PBXGroup;
			children = (
				AF4E401E2AADC5590061ED8F /* Common */,
				AF4E401A2AADC52F0061ED8F /* Modules */,
				AF4E400C2AADC4810061ED8F /* RollaApp.swift */,
				AF4E40102AADC4820061ED8F /* Assets.xcassets */,
				AF4E40122AADC4820061ED8F /* Preview Content */,
			);
			path = Rolla;
			sourceTree = "<group>";
		};
		AF4E40122AADC4820061ED8F /* Preview Content */ = {
			isa = PBXGroup;
			children = (
				AF4E40132AADC4820061ED8F /* Preview Assets.xcassets */,
			);
			path = "Preview Content";
			sourceTree = "<group>";
		};
		AF4E401A2AADC52F0061ED8F /* Modules */ = {
			isa = PBXGroup;
			children = (
				AF4E40242AADC92E0061ED8F /* Main */,
				AF4E401D2AADC5400061ED8F /* Filter */,
				AF4E401C2AADC53D0061ED8F /* Track */,
				AF4E401B2AADC5350061ED8F /* Scan */,
			);
			path = Modules;
			sourceTree = "<group>";
		};
		AF4E401B2AADC5350061ED8F /* Scan */ = {
			isa = PBXGroup;
			children = (
				AF4E40222AADC91E0061ED8F /* ScanView.swift */,
			);
			path = Scan;
			sourceTree = "<group>";
		};
		AF4E401C2AADC53D0061ED8F /* Track */ = {
			isa = PBXGroup;
			children = (
				AF4E40292AADC98F0061ED8F /* TrackView.swift */,
			);
			path = Track;
			sourceTree = "<group>";
		};
		AF4E401D2AADC5400061ED8F /* Filter */ = {
			isa = PBXGroup;
			children = (
				AF4E402B2AADC99A0061ED8F /* FilterView.swift */,
			);
			path = Filter;
			sourceTree = "<group>";
		};
		AF4E401E2AADC5590061ED8F /* Common */ = {
			isa = PBXGroup;
			children = (
				AF4E40442AADDE4D0061ED8F /* Extensions */,
				AF4E40382AADD7D60061ED8F /* Resources */,
				AF4E40352AADD21E0061ED8F /* Location */,
				AF4E40322AADCDC90061ED8F /* UIHelpers */,
				AF4E402D2AADCA790061ED8F /* Views */,
				AF4E401F2AADC5B10061ED8F /* BLE */,
			);
			path = Common;
			sourceTree = "<group>";
		};
		AF4E401F2AADC5B10061ED8F /* BLE */ = {
			isa = PBXGroup;
			children = (
				AF4E40302AADCB1F0061ED8F /* BluetoothManager.swift */,
			);
			path = BLE;
			sourceTree = "<group>";
		};
		AF4E40242AADC92E0061ED8F /* Main */ = {
			isa = PBXGroup;
			children = (
				AF4E40272AADC93D0061ED8F /* MainView.swift */,
			);
			path = Main;
			sourceTree = "<group>";
		};
		AF4E402D2AADCA790061ED8F /* Views */ = {
			isa = PBXGroup;
			children = (
				AF4E402E2AADCA800061ED8F /* PrimaryButton.swift */,
				AF4E403D2AADD8000061ED8F /* LottieView.swift */,
			);
			path = Views;
			sourceTree = "<group>";
		};
		AF4E40322AADCDC90061ED8F /* UIHelpers */ = {
			isa = PBXGroup;
			children = (
				AF4E40332AADCDCD0061ED8F /* Spacer.swift */,
			);
			path = UIHelpers;
			sourceTree = "<group>";
		};
		AF4E40352AADD21E0061ED8F /* Location */ = {
			isa = PBXGroup;
			children = (
				AF4E40362AADD2380061ED8F /* GPSTrackerManager.swift */,
			);
			path = Location;
			sourceTree = "<group>";
		};
		AF4E40382AADD7D60061ED8F /* Resources */ = {
			isa = PBXGroup;
			children = (
				AF4E403F2AADDBA20061ED8F /* bluetooth-lottie.json */,
				AF4E40392AADD7E70061ED8F /* gps-tracker.json */,
			);
			path = Resources;
			sourceTree = "<group>";
		};
		AF4E40442AADDE4D0061ED8F /* Extensions */ = {
			isa = PBXGroup;
			children = (
				AF4E40452AADDE560061ED8F /* Double+Extensions.swift */,
				AF4E40482AADDE840061ED8F /* String+Extensions.swift */,
			);
			path = Extensions;
			sourceTree = "<group>";
		};
		CF9C17BB724C5141C6805D9C /* Frameworks */ = {
			isa = PBXGroup;
			children = (
				9029A6E265F2C185B6214689 /* Pods_Rolla.framework */,
			);
			name = Frameworks;
			sourceTree = "<group>";
		};
/* End PBXGroup section */

/* Begin PBXNativeTarget section */
		AF4E40082AADC4810061ED8F /* Rolla */ = {
			isa = PBXNativeTarget;
			buildConfigurationList = AF4E40172AADC4820061ED8F /* Build configuration list for PBXNativeTarget "Rolla" */;
			buildPhases = (
				7F00AA014C9EDA1C9279CA5E /* [CP] Check Pods Manifest.lock */,
				AF4E40052AADC4810061ED8F /* Sources */,
				AF4E40062AADC4810061ED8F /* Frameworks */,
				AF4E40072AADC4810061ED8F /* Resources */,
				E909BFE1C6F87DEC6F1B8FA2 /* [CP] Embed Pods Frameworks */,
			);
			buildRules = (
			);
			dependencies = (
			);
			name = Rolla;
			productName = Rolla;
			productReference = AF4E40092AADC4810061ED8F /* Rolla.app */;
			productType = "com.apple.product-type.application";
		};
/* End PBXNativeTarget section */

/* Begin PBXProject section */
		AF4E40012AADC4810061ED8F /* Project object */ = {
			isa = PBXProject;
			attributes = {
				BuildIndependentTargetsInParallel = 1;
				LastSwiftUpdateCheck = 1420;
				LastUpgradeCheck = 1420;
				TargetAttributes = {
					AF4E40082AADC4810061ED8F = {
						CreatedOnToolsVersion = 14.2;
					};
				};
			};
			buildConfigurationList = AF4E40042AADC4810061ED8F /* Build configuration list for PBXProject "Rolla" */;
			compatibilityVersion = "Xcode 14.0";
			developmentRegion = en;
			hasScannedForEncodings = 0;
			knownRegions = (
				en,
				Base,
			);
			mainGroup = AF4E40002AADC4810061ED8F;
			productRefGroup = AF4E400A2AADC4810061ED8F /* Products */;
			projectDirPath = "";
			projectRoot = "";
			targets = (
				AF4E40082AADC4810061ED8F /* Rolla */,
			);
		};
/* End PBXProject section */

/* Begin PBXResourcesBuildPhase section */
		AF4E40072AADC4810061ED8F /* Resources */ = {
			isa = PBXResourcesBuildPhase;
			buildActionMask = 2147483647;
			files = (
				AF4E40142AADC4820061ED8F /* Preview Assets.xcassets in Resources */,
				AF4E40402AADDBA20061ED8F /* bluetooth-lottie.json in Resources */,
				AF4E403A2AADD7E70061ED8F /* gps-tracker.json in Resources */,
				AF4E40112AADC4820061ED8F /* Assets.xcassets in Resources */,
			);
			runOnlyForDeploymentPostprocessing = 0;
		};
/* End PBXResourcesBuildPhase section */

/* Begin PBXShellScriptBuildPhase section */
		7F00AA014C9EDA1C9279CA5E /* [CP] Check Pods Manifest.lock */ = {
			isa = PBXShellScriptBuildPhase;
			buildActionMask = 2147483647;
			files = (
			);
			inputFileListPaths = (
			);
			inputPaths = (
				"${PODS_PODFILE_DIR_PATH}/Podfile.lock",
				"${PODS_ROOT}/Manifest.lock",
			);
			name = "[CP] Check Pods Manifest.lock";
			outputFileListPaths = (
			);
			outputPaths = (
				"$(DERIVED_FILE_DIR)/Pods-Rolla-checkManifestLockResult.txt",
			);
			runOnlyForDeploymentPostprocessing = 0;
			shellPath = /bin/sh;
			shellScript = "diff \"${PODS_PODFILE_DIR_PATH}/Podfile.lock\" \"${PODS_ROOT}/Manifest.lock\" > /dev/null\nif [ $? != 0 ] ; then\n    # print error to STDERR\n    echo \"error: The sandbox is not in sync with the Podfile.lock. Run 'pod install' or update your CocoaPods installation.\" >&2\n    exit 1\nfi\n# This output is used by Xcode 'outputs' to avoid re-running this script phase.\necho \"SUCCESS\" > \"${SCRIPT_OUTPUT_FILE_0}\"\n";
			showEnvVarsInLog = 0;
		};
		E909BFE1C6F87DEC6F1B8FA2 /* [CP] Embed Pods Frameworks */ = {
			isa = PBXShellScriptBuildPhase;
			buildActionMask = 2147483647;
			files = (
			);
			inputFileListPaths = (
				"${PODS_ROOT}/Target Support Files/Pods-Rolla/Pods-Rolla-frameworks-${CONFIGURATION}-input-files.xcfilelist",
			);
			name = "[CP] Embed Pods Frameworks";
			outputFileListPaths = (
				"${PODS_ROOT}/Target Support Files/Pods-Rolla/Pods-Rolla-frameworks-${CONFIGURATION}-output-files.xcfilelist",
			);
			runOnlyForDeploymentPostprocessing = 0;
			shellPath = /bin/sh;
			shellScript = "\"${PODS_ROOT}/Target Support Files/Pods-Rolla/Pods-Rolla-frameworks.sh\"\n";
			showEnvVarsInLog = 0;
		};
/* End PBXShellScriptBuildPhase section */

/* Begin PBXSourcesBuildPhase section */
		AF4E40052AADC4810061ED8F /* Sources */ = {
			isa = PBXSourcesBuildPhase;
			buildActionMask = 2147483647;
			files = (
				AF4E40282AADC93D0061ED8F /* MainView.swift in Sources */,
				AF4E40312AADCB1F0061ED8F /* BluetoothManager.swift in Sources */,
				AF4E40372AADD2380061ED8F /* GPSTrackerManager.swift in Sources */,
				AF4E402A2AADC98F0061ED8F /* TrackView.swift in Sources */,
				AF4E40492AADDE840061ED8F /* String+Extensions.swift in Sources */,
				AF4E40342AADCDCD0061ED8F /* Spacer.swift in Sources */,
				AF4E400D2AADC4810061ED8F /* RollaApp.swift in Sources */,
				AF4E402F2AADCA800061ED8F /* PrimaryButton.swift in Sources */,
				AF4E403E2AADD8000061ED8F /* LottieView.swift in Sources */,
				AF4E402C2AADC99A0061ED8F /* FilterView.swift in Sources */,
				AF4E40462AADDE560061ED8F /* Double+Extensions.swift in Sources */,
				AF4E40232AADC91E0061ED8F /* ScanView.swift in Sources */,
			);
			runOnlyForDeploymentPostprocessing = 0;
		};
/* End PBXSourcesBuildPhase section */

/* Begin XCBuildConfiguration section */
		AF4E40152AADC4820061ED8F /* Debug */ = {
			isa = XCBuildConfiguration;
			buildSettings = {
				ALWAYS_SEARCH_USER_PATHS = NO;
				CLANG_ANALYZER_NONNULL = YES;
				CLANG_ANALYZER_NUMBER_OBJECT_CONVERSION = YES_AGGRESSIVE;
				CLANG_CXX_LANGUAGE_STANDARD = "gnu++20";
				CLANG_ENABLE_MODULES = YES;
				CLANG_ENABLE_OBJC_ARC = YES;
				CLANG_ENABLE_OBJC_WEAK = YES;
				CLANG_WARN_BLOCK_CAPTURE_AUTORELEASING = YES;
				CLANG_WARN_BOOL_CONVERSION = YES;
				CLANG_WARN_COMMA = YES;
				CLANG_WARN_CONSTANT_CONVERSION = YES;
				CLANG_WARN_DEPRECATED_OBJC_IMPLEMENTATIONS = YES;
				CLANG_WARN_DIRECT_OBJC_ISA_USAGE = YES_ERROR;
				CLANG_WARN_DOCUMENTATION_COMMENTS = YES;
				CLANG_WARN_EMPTY_BODY = YES;
				CLANG_WARN_ENUM_CONVERSION = YES;
				CLANG_WARN_INFINITE_RECURSION = YES;
				CLANG_WARN_INT_CONVERSION = YES;
				CLANG_WARN_NON_LITERAL_NULL_CONVERSION = YES;
				CLANG_WARN_OBJC_IMPLICIT_RETAIN_SELF = YES;
				CLANG_WARN_OBJC_LITERAL_CONVERSION = YES;
				CLANG_WARN_OBJC_ROOT_CLASS = YES_ERROR;
				CLANG_WARN_QUOTED_INCLUDE_IN_FRAMEWORK_HEADER = YES;
				CLANG_WARN_RANGE_LOOP_ANALYSIS = YES;
				CLANG_WARN_STRICT_PROTOTYPES = YES;
				CLANG_WARN_SUSPICIOUS_MOVE = YES;
				CLANG_WARN_UNGUARDED_AVAILABILITY = YES_AGGRESSIVE;
				CLANG_WARN_UNREACHABLE_CODE = YES;
				CLANG_WARN__DUPLICATE_METHOD_MATCH = YES;
				COPY_PHASE_STRIP = NO;
				DEBUG_INFORMATION_FORMAT = dwarf;
				ENABLE_STRICT_OBJC_MSGSEND = YES;
				ENABLE_TESTABILITY = YES;
				GCC_C_LANGUAGE_STANDARD = gnu11;
				GCC_DYNAMIC_NO_PIC = NO;
				GCC_NO_COMMON_BLOCKS = YES;
				GCC_OPTIMIZATION_LEVEL = 0;
				GCC_PREPROCESSOR_DEFINITIONS = (
					"DEBUG=1",
					"$(inherited)",
				);
				GCC_WARN_64_TO_32_BIT_CONVERSION = YES;
				GCC_WARN_ABOUT_RETURN_TYPE = YES_ERROR;
				GCC_WARN_UNDECLARED_SELECTOR = YES;
				GCC_WARN_UNINITIALIZED_AUTOS = YES_AGGRESSIVE;
				GCC_WARN_UNUSED_FUNCTION = YES;
				GCC_WARN_UNUSED_VARIABLE = YES;
				IPHONEOS_DEPLOYMENT_TARGET = 16.2;
				MTL_ENABLE_DEBUG_INFO = INCLUDE_SOURCE;
				MTL_FAST_MATH = YES;
				ONLY_ACTIVE_ARCH = YES;
				SDKROOT = iphoneos;
				SWIFT_ACTIVE_COMPILATION_CONDITIONS = DEBUG;
				SWIFT_OPTIMIZATION_LEVEL = "-Onone";
			};
			name = Debug;
		};
		AF4E40162AADC4820061ED8F /* Release */ = {
			isa = XCBuildConfiguration;
			buildSettings = {
				ALWAYS_SEARCH_USER_PATHS = NO;
				CLANG_ANALYZER_NONNULL = YES;
				CLANG_ANALYZER_NUMBER_OBJECT_CONVERSION = YES_AGGRESSIVE;
				CLANG_CXX_LANGUAGE_STANDARD = "gnu++20";
				CLANG_ENABLE_MODULES = YES;
				CLANG_ENABLE_OBJC_ARC = YES;
				CLANG_ENABLE_OBJC_WEAK = YES;
				CLANG_WARN_BLOCK_CAPTURE_AUTORELEASING = YES;
				CLANG_WARN_BOOL_CONVERSION = YES;
				CLANG_WARN_COMMA = YES;
				CLANG_WARN_CONSTANT_CONVERSION = YES;
				CLANG_WARN_DEPRECATED_OBJC_IMPLEMENTATIONS = YES;
				CLANG_WARN_DIRECT_OBJC_ISA_USAGE = YES_ERROR;
				CLANG_WARN_DOCUMENTATION_COMMENTS = YES;
				CLANG_WARN_EMPTY_BODY = YES;
				CLANG_WARN_ENUM_CONVERSION = YES;
				CLANG_WARN_INFINITE_RECURSION = YES;
				CLANG_WARN_INT_CONVERSION = YES;
				CLANG_WARN_NON_LITERAL_NULL_CONVERSION = YES;
				CLANG_WARN_OBJC_IMPLICIT_RETAIN_SELF = YES;
				CLANG_WARN_OBJC_LITERAL_CONVERSION = YES;
				CLANG_WARN_OBJC_ROOT_CLASS = YES_ERROR;
				CLANG_WARN_QUOTED_INCLUDE_IN_FRAMEWORK_HEADER = YES;
				CLANG_WARN_RANGE_LOOP_ANALYSIS = YES;
				CLANG_WARN_STRICT_PROTOTYPES = YES;
				CLANG_WARN_SUSPICIOUS_MOVE = YES;
				CLANG_WARN_UNGUARDED_AVAILABILITY = YES_AGGRESSIVE;
				CLANG_WARN_UNREACHABLE_CODE = YES;
				CLANG_WARN__DUPLICATE_METHOD_MATCH = YES;
				COPY_PHASE_STRIP = NO;
				DEBUG_INFORMATION_FORMAT = "dwarf-with-dsym";
				ENABLE_NS_ASSERTIONS = NO;
				ENABLE_STRICT_OBJC_MSGSEND = YES;
				GCC_C_LANGUAGE_STANDARD = gnu11;
				GCC_NO_COMMON_BLOCKS = YES;
				GCC_WARN_64_TO_32_BIT_CONVERSION = YES;
				GCC_WARN_ABOUT_RETURN_TYPE = YES_ERROR;
				GCC_WARN_UNDECLARED_SELECTOR = YES;
				GCC_WARN_UNINITIALIZED_AUTOS = YES_AGGRESSIVE;
				GCC_WARN_UNUSED_FUNCTION = YES;
				GCC_WARN_UNUSED_VARIABLE = YES;
				IPHONEOS_DEPLOYMENT_TARGET = 16.2;
				MTL_ENABLE_DEBUG_INFO = NO;
				MTL_FAST_MATH = YES;
				SDKROOT = iphoneos;
				SWIFT_COMPILATION_MODE = wholemodule;
				SWIFT_OPTIMIZATION_LEVEL = "-O";
				VALIDATE_PRODUCT = YES;
			};
			name = Release;
		};
		AF4E40182AADC4820061ED8F /* Debug */ = {
			isa = XCBuildConfiguration;
			baseConfigurationReference = 241359E39F93EF916CADCE60 /* Pods-Rolla.debug.xcconfig */;
			buildSettings = {
				ASSETCATALOG_COMPILER_APPICON_NAME = AppIcon;
				ASSETCATALOG_COMPILER_GLOBAL_ACCENT_COLOR_NAME = AccentColor;
				CODE_SIGN_STYLE = Automatic;
				CURRENT_PROJECT_VERSION = 1;
				DEVELOPMENT_ASSET_PATHS = "\"Rolla/Preview Content\"";
				DEVELOPMENT_TEAM = R8GJC85857;
				ENABLE_PREVIEWS = YES;
				GENERATE_INFOPLIST_FILE = YES;
				INFOPLIST_KEY_NSBluetoothPeripheralUsageDescription = "Allow Bluetooth access to connect to nearby devices.";
				INFOPLIST_KEY_NSLocationUsageDescription = "Location access is needed to provide you with location-based services.";
				INFOPLIST_KEY_UIApplicationSceneManifest_Generation = YES;
				INFOPLIST_KEY_UIApplicationSupportsIndirectInputEvents = YES;
				INFOPLIST_KEY_UILaunchScreen_Generation = YES;
				INFOPLIST_KEY_UISupportedInterfaceOrientations_iPad = "UIInterfaceOrientationPortrait UIInterfaceOrientationPortraitUpsideDown UIInterfaceOrientationLandscapeLeft UIInterfaceOrientationLandscapeRight";
				INFOPLIST_KEY_UISupportedInterfaceOrientations_iPhone = "UIInterfaceOrientationPortrait UIInterfaceOrientationLandscapeLeft UIInterfaceOrientationLandscapeRight";
				LD_RUNPATH_SEARCH_PATHS = (
					"$(inherited)",
					"@executable_path/Frameworks",
				);
				MARKETING_VERSION = 1.0;
				PRODUCT_BUNDLE_IDENTIFIER = app.dev.Rolla;
				PRODUCT_NAME = "$(TARGET_NAME)";
				SWIFT_EMIT_LOC_STRINGS = YES;
				SWIFT_VERSION = 5.0;
				TARGETED_DEVICE_FAMILY = "1,2";
			};
			name = Debug;
		};
		AF4E40192AADC4820061ED8F /* Release */ = {
			isa = XCBuildConfiguration;
			baseConfigurationReference = 088DFCB42736DD48884ED698 /* Pods-Rolla.release.xcconfig */;
			buildSettings = {
				ASSETCATALOG_COMPILER_APPICON_NAME = AppIcon;
				ASSETCATALOG_COMPILER_GLOBAL_ACCENT_COLOR_NAME = AccentColor;
				CODE_SIGN_STYLE = Automatic;
				CURRENT_PROJECT_VERSION = 1;
				DEVELOPMENT_ASSET_PATHS = "\"Rolla/Preview Content\"";
				DEVELOPMENT_TEAM = R8GJC85857;
				ENABLE_PREVIEWS = YES;
				GENERATE_INFOPLIST_FILE = YES;
				INFOPLIST_KEY_NSBluetoothPeripheralUsageDescription = "Allow Bluetooth access to connect to nearby devices.";
				INFOPLIST_KEY_NSLocationUsageDescription = "Location access is needed to provide you with location-based services.";
				INFOPLIST_KEY_UIApplicationSceneManifest_Generation = YES;
				INFOPLIST_KEY_UIApplicationSupportsIndirectInputEvents = YES;
				INFOPLIST_KEY_UILaunchScreen_Generation = YES;
				INFOPLIST_KEY_UISupportedInterfaceOrientations_iPad = "UIInterfaceOrientationPortrait UIInterfaceOrientationPortraitUpsideDown UIInterfaceOrientationLandscapeLeft UIInterfaceOrientationLandscapeRight";
				INFOPLIST_KEY_UISupportedInterfaceOrientations_iPhone = "UIInterfaceOrientationPortrait UIInterfaceOrientationLandscapeLeft UIInterfaceOrientationLandscapeRight";
				LD_RUNPATH_SEARCH_PATHS = (
					"$(inherited)",
					"@executable_path/Frameworks",
				);
				MARKETING_VERSION = 1.0;
				PRODUCT_BUNDLE_IDENTIFIER = app.dev.Rolla;
				PRODUCT_NAME = "$(TARGET_NAME)";
				SWIFT_EMIT_LOC_STRINGS = YES;
				SWIFT_VERSION = 5.0;
				TARGETED_DEVICE_FAMILY = "1,2";
			};
			name = Release;
		};
/* End XCBuildConfiguration section */

/* Begin XCConfigurationList section */
		AF4E40042AADC4810061ED8F /* Build configuration list for PBXProject "Rolla" */ = {
			isa = XCConfigurationList;
			buildConfigurations = (
				AF4E40152AADC4820061ED8F /* Debug */,
				AF4E40162AADC4820061ED8F /* Release */,
			);
			defaultConfigurationIsVisible = 0;
			defaultConfigurationName = Release;
		};
		AF4E40172AADC4820061ED8F /* Build configuration list for PBXNativeTarget "Rolla" */ = {
			isa = XCConfigurationList;
			buildConfigurations = (
				AF4E40182AADC4820061ED8F /* Debug */,
				AF4E40192AADC4820061ED8F /* Release */,
			);
			defaultConfigurationIsVisible = 0;
			defaultConfigurationName = Release;
		};
/* End XCConfigurationList section */
	};
	rootObject = AF4E40012AADC4810061ED8F /* Project object */;
}
